// !$*UTF8*$!
{
	archiveVersion = 1;
	classes = {
	};
	objectVersion = 50;
	objects = {

/* Begin PBXBuildFile section */
		11DD359A20FBF3D000CBE1DE /* hello08.c in Sources */ = {isa = PBXBuildFile; fileRef = 11DD359920FBF3D000CBE1DE /* hello08.c */; };
		11DD361620FF05C000CBE1DE /* stub-lua.c in Sources */ = {isa = PBXBuildFile; fileRef = 11DD361520FF05BF00CBE1DE /* stub-lua.c */; };
		11DD361B2100D92800CBE1DE /* libSystem.B.dylib in Frameworks */ = {isa = PBXBuildFile; fileRef = 11DD361A2100D92800CBE1DE /* libSystem.B.dylib */; };
/* End PBXBuildFile section */

/* Begin PBXCopyFilesBuildPhase section */
		11DD358D20FBF3AA00CBE1DE /* CopyFiles */ = {
			isa = PBXCopyFilesBuildPhase;
			buildActionMask = 2147483647;
			dstPath = /usr/share/man/man1/;
			dstSubfolderSpec = 0;
			files = (
			);
			runOnlyForDeploymentPostprocessing = 1;
		};
/* End PBXCopyFilesBuildPhase section */

/* Begin PBXFileReference section */
		11DD358F20FBF3AA00CBE1DE /* hello08 */ = {isa = PBXFileReference; explicitFileType = "compiled.mach-o.executable"; includeInIndex = 0; path = hello08; sourceTree = BUILT_PRODUCTS_DIR; };
		11DD359920FBF3D000CBE1DE /* hello08.c */ = {isa = PBXFileReference; fileEncoding = 4; lastKnownFileType = sourcecode.c.c; name = hello08.c; path = ../../../hello08.c; sourceTree = "<group>"; };
		11DD361420FF05BF00CBE1DE /* stub-lua.h */ = {isa = PBXFileReference; fileEncoding = 4; lastKnownFileType = sourcecode.c.h; name = "stub-lua.h"; path = "../../../stub-lua.h"; sourceTree = "<group>"; };
		11DD361520FF05BF00CBE1DE /* stub-lua.c */ = {isa = PBXFileReference; fileEncoding = 4; lastKnownFileType = sourcecode.c.c; name = "stub-lua.c"; path = "../../../stub-lua.c"; sourceTree = "<group>"; };
		11DD36182100D8C200CBE1DE /* libdl.tbd */ = {isa = PBXFileReference; lastKnownFileType = "sourcecode.text-based-dylib-definition"; name = libdl.tbd; path = usr/lib/libdl.tbd; sourceTree = SDKROOT; };
		11DD361A2100D92800CBE1DE /* libSystem.B.dylib */ = {isa = PBXFileReference; lastKnownFileType = "compiled.mach-o.dylib"; name = libSystem.B.dylib; path = ../../../../../usr/lib/libSystem.B.dylib; sourceTree = "<group>"; };
		11DD363121051B5400CBE1DE /* hello08.md */ = {isa = PBXFileReference; fileEncoding = 4; lastKnownFileType = net.daringfireball.markdown; name = hello08.md; path = ../../hello08.md; sourceTree = "<group>"; };
/* End PBXFileReference section */

/* Begin PBXFrameworksBuildPhase section */
		11DD358C20FBF3AA00CBE1DE /* Frameworks */ = {
			isa = PBXFrameworksBuildPhase;
			buildActionMask = 2147483647;
			files = (
				11DD361B2100D92800CBE1DE /* libSystem.B.dylib in Frameworks */,
			);
			runOnlyForDeploymentPostprocessing = 0;
		};
/* End PBXFrameworksBuildPhase section */

/* Begin PBXGroup section */
		11DD358620FBF3AA00CBE1DE = {
			isa = PBXGroup;
			children = (
				11DD363121051B5400CBE1DE /* hello08.md */,
				11DD359120FBF3AA00CBE1DE /* hello08 */,
				11DD359020FBF3AA00CBE1DE /* Products */,
				11DD36172100D8C100CBE1DE /* Frameworks */,
			);
			sourceTree = "<group>";
		};
		11DD359020FBF3AA00CBE1DE /* Products */ = {
			isa = PBXGroup;
			children = (
				11DD358F20FBF3AA00CBE1DE /* hello08 */,
			);
			name = Products;
			sourceTree = "<group>";
		};
		11DD359120FBF3AA00CBE1DE /* hello08 */ = {
			isa = PBXGroup;
			children = (
				11DD361520FF05BF00CBE1DE /* stub-lua.c */,
				11DD361420FF05BF00CBE1DE /* stub-lua.h */,
				11DD359920FBF3D000CBE1DE /* hello08.c */,
			);
			path = hello08;
			sourceTree = "<group>";
		};
		11DD36172100D8C100CBE1DE /* Frameworks */ = {
			isa = PBXGroup;
			children = (
				11DD361A2100D92800CBE1DE /* libSystem.B.dylib */,
				11DD36182100D8C200CBE1DE /* libdl.tbd */,
			);
			name = Frameworks;
			sourceTree = "<group>";
		};
/* End PBXGroup section */

/* Begin PBXNativeTarget section */
		11DD358E20FBF3AA00CBE1DE /* hello08 */ = {
			isa = PBXNativeTarget;
			buildConfigurationList = 11DD359620FBF3AA00CBE1DE /* Build configuration list for PBXNativeTarget "hello08" */;
			buildPhases = (
				11DD358B20FBF3AA00CBE1DE /* Sources */,
				11DD358C20FBF3AA00CBE1DE /* Frameworks */,
				11DD358D20FBF3AA00CBE1DE /* CopyFiles */,
			);
			buildRules = (
			);
			dependencies = (
			);
			name = hello08;
			productName = hello08;
			productReference = 11DD358F20FBF3AA00CBE1DE /* hello08 */;
			productType = "com.apple.product-type.tool";
		};
/* End PBXNativeTarget section */

/* Begin PBXProject section */
		11DD358720FBF3AA00CBE1DE /* Project object */ = {
			isa = PBXProject;
			attributes = {
				LastUpgradeCheck = 0940;
				ORGANIZATIONNAME = "Robert Graham";
				TargetAttributes = {
					11DD358E20FBF3AA00CBE1DE = {
						CreatedOnToolsVersion = 9.4;
					};
				};
			};
			buildConfigurationList = 11DD358A20FBF3AA00CBE1DE /* Build configuration list for PBXProject "hello08" */;
			compatibilityVersion = "Xcode 9.3";
			developmentRegion = en;
			hasScannedForEncodings = 0;
			knownRegions = (
				en,
			);
			mainGroup = 11DD358620FBF3AA00CBE1DE;
			productRefGroup = 11DD359020FBF3AA00CBE1DE /* Products */;
			projectDirPath = "";
			projectRoot = "";
			targets = (
				11DD358E20FBF3AA00CBE1DE /* hello08 */,
			);
		};
/* End PBXProject section */

/* Begin PBXSourcesBuildPhase section */
		11DD358B20FBF3AA00CBE1DE /* Sources */ = {
			isa = PBXSourcesBuildPhase;
			buildActionMask = 2147483647;
			files = (
				11DD361620FF05C000CBE1DE /* stub-lua.c in Sources */,
				11DD359A20FBF3D000CBE1DE /* hello08.c in Sources */,
			);
			runOnlyForDeploymentPostprocessing = 0;
		};
/* End PBXSourcesBuildPhase section */

/* Begin XCBuildConfiguration section */
		11DD359420FBF3AA00CBE1DE /* Debug */ = {
			isa = XCBuildConfiguration;
			buildSettings = {
				ALWAYS_SEARCH_USER_PATHS = NO;
				CLANG_ANALYZER_NONNULL = YES;
				CLANG_ANALYZER_NUMBER_OBJECT_CONVERSION = YES_AGGRESSIVE;
				CLANG_CXX_LANGUAGE_STANDARD = "gnu++14";
				CLANG_CXX_LIBRARY = "libc++";
				CLANG_ENABLE_MODULES = YES;
				CLANG_ENABLE_OBJC_ARC = YES;
				CLANG_ENABLE_OBJC_WEAK = YES;
				CLANG_WARN_BLOCK_CAPTURE_AUTORELEASING = YES;
				CLANG_WARN_BOOL_CONVERSION = YES;
				CLANG_WARN_COMMA = YES;
				CLANG_WARN_CONSTANT_CONVERSION = YES;
				CLANG_WARN_DEPRECATED_OBJC_IMPLEMENTATIONS = YES;
				CLANG_WARN_DIRECT_OBJC_ISA_USAGE = YES_ERROR;
				CLANG_WARN_DOCUMENTATION_COMMENTS = YES;
				CLANG_WARN_EMPTY_BODY = YES;
				CLANG_WARN_ENUM_CONVERSION = YES;
				CLANG_WARN_INFINITE_RECURSION = YES;
				CLANG_WARN_INT_CONVERSION = YES;
				CLANG_WARN_NON_LITERAL_NULL_CONVERSION = YES;
				CLANG_WARN_OBJC_IMPLICIT_RETAIN_SELF = YES;
				CLANG_WARN_OBJC_LITERAL_CONVERSION = YES;
				CLANG_WARN_OBJC_ROOT_CLASS = YES_ERROR;
				CLANG_WARN_RANGE_LOOP_ANALYSIS = YES;
				CLANG_WARN_STRICT_PROTOTYPES = YES;
				CLANG_WARN_SUSPICIOUS_MOVE = YES;
				CLANG_WARN_UNGUARDED_AVAILABILITY = YES_AGGRESSIVE;
				CLANG_WARN_UNREACHABLE_CODE = YES;
				CLANG_WARN__DUPLICATE_METHOD_MATCH = YES;
				CODE_SIGN_IDENTITY = "-";
				COPY_PHASE_STRIP = NO;
				DEBUG_INFORMATION_FORMAT = dwarf;
				ENABLE_STRICT_OBJC_MSGSEND = YES;
				ENABLE_TESTABILITY = YES;
				GCC_C_LANGUAGE_STANDARD = gnu11;
				GCC_DYNAMIC_NO_PIC = NO;
				GCC_NO_COMMON_BLOCKS = YES;
				GCC_OPTIMIZATION_LEVEL = 0;
				GCC_PREPROCESSOR_DEFINITIONS = (
					"DEBUG=1",
					"$(inherited)",
				);
				GCC_WARN_64_TO_32_BIT_CONVERSION = YES;
				GCC_WARN_ABOUT_RETURN_TYPE = YES_ERROR;
				GCC_WARN_UNDECLARED_SELECTOR = YES;
				GCC_WARN_UNINITIALIZED_AUTOS = YES_AGGRESSIVE;
				GCC_WARN_UNUSED_FUNCTION = YES;
				GCC_WARN_UNUSED_VARIABLE = YES;
				MACOSX_DEPLOYMENT_TARGET = 10.13;
				MTL_ENABLE_DEBUG_INFO = YES;
				ONLY_ACTIVE_ARCH = YES;
				SDKROOT = macosx;
			};
			name = Debug;
		};
		11DD359520FBF3AA00CBE1DE /* Release */ = {
			isa = XCBuildConfiguration;
			buildSettings = {
				ALWAYS_SEARCH_USER_PATHS = NO;
				CLANG_ANALYZER_NONNULL = YES;
				CLANG_ANALYZER_NUMBER_OBJECT_CONVERSION = YES_AGGRESSIVE;
				CLANG_CXX_LANGUAGE_STANDARD = "gnu++14";
				CLANG_CXX_LIBRARY = "libc++";
				CLANG_ENABLE_MODULES = YES;
				CLANG_ENABLE_OBJC_ARC = YES;
				CLANG_ENABLE_OBJC_WEAK = YES;
				CLANG_WARN_BLOCK_CAPTURE_AUTORELEASING = YES;
				CLANG_WARN_BOOL_CONVERSION = YES;
				CLANG_WARN_COMMA = YES;
				CLANG_WARN_CONSTANT_CONVERSION = YES;
				CLANG_WARN_DEPRECATED_OBJC_IMPLEMENTATIONS = YES;
				CLANG_WARN_DIRECT_OBJC_ISA_USAGE = YES_ERROR;
				CLANG_WARN_DOCUMENTATION_COMMENTS = YES;
				CLANG_WARN_EMPTY_BODY = YES;
				CLANG_WARN_ENUM_CONVERSION = YES;
				CLANG_WARN_INFINITE_RECURSION = YES;
				CLANG_WARN_INT_CONVERSION = YES;
				CLANG_WARN_NON_LITERAL_NULL_CONVERSION = YES;
				CLANG_WARN_OBJC_IMPLICIT_RETAIN_SELF = YES;
				CLANG_WARN_OBJC_LITERAL_CONVERSION = YES;
				CLANG_WARN_OBJC_ROOT_CLASS = YES_ERROR;
				CLANG_WARN_RANGE_LOOP_ANALYSIS = YES;
				CLANG_WARN_STRICT_PROTOTYPES = YES;
				CLANG_WARN_SUSPICIOUS_MOVE = YES;
				CLANG_WARN_UNGUARDED_AVAILABILITY = YES_AGGRESSIVE;
				CLANG_WARN_UNREACHABLE_CODE = YES;
				CLANG_WARN__DUPLICATE_METHOD_MATCH = YES;
				CODE_SIGN_IDENTITY = "-";
				COPY_PHASE_STRIP = NO;
				DEBUG_INFORMATION_FORMAT = "dwarf-with-dsym";
				ENABLE_NS_ASSERTIONS = NO;
				ENABLE_STRICT_OBJC_MSGSEND = YES;
				GCC_C_LANGUAGE_STANDARD = gnu11;
				GCC_NO_COMMON_BLOCKS = YES;
				GCC_WARN_64_TO_32_BIT_CONVERSION = YES;
				GCC_WARN_ABOUT_RETURN_TYPE = YES_ERROR;
				GCC_WARN_UNDECLARED_SELECTOR = YES;
				GCC_WARN_UNINITIALIZED_AUTOS = YES_AGGRESSIVE;
				GCC_WARN_UNUSED_FUNCTION = YES;
				GCC_WARN_UNUSED_VARIABLE = YES;
				MACOSX_DEPLOYMENT_TARGET = 10.13;
				MTL_ENABLE_DEBUG_INFO = NO;
				SDKROOT = macosx;
			};
			name = Release;
		};
		11DD359720FBF3AA00CBE1DE /* Debug */ = {
			isa = XCBuildConfiguration;
			buildSettings = {
				CODE_SIGN_STYLE = Automatic;
				PRODUCT_NAME = "$(TARGET_NAME)";
			};
			name = Debug;
		};
		11DD359820FBF3AA00CBE1DE /* Release */ = {
			isa = XCBuildConfiguration;
			buildSettings = {
				CODE_SIGN_STYLE = Automatic;
				PRODUCT_NAME = "$(TARGET_NAME)";
			};
			name = Release;
		};
/* End XCBuildConfiguration section */

/* Begin XCConfigurationList section */
		11DD358A20FBF3AA00CBE1DE /* Build configuration list for PBXProject "hello08" */ = {
			isa = XCConfigurationList;
			buildConfigurations = (
				11DD359420FBF3AA00CBE1DE /* Debug */,
				11DD359520FBF3AA00CBE1DE /* Release */,
			);
			defaultConfigurationIsVisible = 0;
			defaultConfigurationName = Release;
		};
		11DD359620FBF3AA00CBE1DE /* Build configuration list for PBXNativeTarget "hello08" */ = {
			isa = XCConfigurationList;
			buildConfigurations = (
				11DD359720FBF3AA00CBE1DE /* Debug */,
				11DD359820FBF3AA00CBE1DE /* Release */,
			);
			defaultConfigurationIsVisible = 0;
			defaultConfigurationName = Release;
		};
/* End XCConfigurationList section */
	};
	rootObject = 11DD358720FBF3AA00CBE1DE /* Project object */;
}
